// !$*UTF8*$!
{
	archiveVersion = 1;
	classes = {
	};
	objectVersion = 55;
	objects = {

/* Begin PBXBuildFile section */
		031808D228986C6C00A03755 /* Kingfisher in Frameworks */ = {isa = PBXBuildFile; productRef = 031808D128986C6C00A03755 /* Kingfisher */; };
		039F9E002898214F00B69144 /* AppDelegate.swift in Sources */ = {isa = PBXBuildFile; fileRef = 039F9DFF2898214F00B69144 /* AppDelegate.swift */; };
		039F9E022898214F00B69144 /* SceneDelegate.swift in Sources */ = {isa = PBXBuildFile; fileRef = 039F9E012898214F00B69144 /* SceneDelegate.swift */; };
		039F9E042898214F00B69144 /* PokemonViewController.swift in Sources */ = {isa = PBXBuildFile; fileRef = 039F9E032898214F00B69144 /* PokemonViewController.swift */; };
		039F9E072898214F00B69144 /* Main.storyboard in Resources */ = {isa = PBXBuildFile; fileRef = 039F9E052898214F00B69144 /* Main.storyboard */; };
		039F9E092898214F00B69144 /* Assets.xcassets in Resources */ = {isa = PBXBuildFile; fileRef = 039F9E082898214F00B69144 /* Assets.xcassets */; };
		039F9E0C2898214F00B69144 /* LaunchScreen.storyboard in Resources */ = {isa = PBXBuildFile; fileRef = 039F9E0A2898214F00B69144 /* LaunchScreen.storyboard */; };
		C13C2B1929EDEF5500C8B7CF /* qa.plist in Resources */ = {isa = PBXBuildFile; fileRef = C13C2B1829EDEF5500C8B7CF /* qa.plist */; };
		C13C2B1B29EDEF5C00C8B7CF /* qa.xcconfig in Resources */ = {isa = PBXBuildFile; fileRef = C13C2B1A29EDEF5C00C8B7CF /* qa.xcconfig */; };
		C13C2B1E29EDF02700C8B7CF /* Api_Escaping.swift in Sources */ = {isa = PBXBuildFile; fileRef = C13C2B1D29EDF02700C8B7CF /* Api_Escaping.swift */; };
		C13C2B2229EDFCD700C8B7CF /* GamePokemonEscapingViewController.swift in Sources */ = {isa = PBXBuildFile; fileRef = C13C2B2129EDFCD700C8B7CF /* GamePokemonEscapingViewController.swift */; };
		C13C2B2429EDFCE800C8B7CF /* DetailGamePokemonEscapingViewController.swift in Sources */ = {isa = PBXBuildFile; fileRef = C13C2B2329EDFCE800C8B7CF /* DetailGamePokemonEscapingViewController.swift */; };
		C13C2B2629EDFD0000C8B7CF /* DetailGamePokemonAsyncAwatiViewController.swift in Sources */ = {isa = PBXBuildFile; fileRef = C13C2B2529EDFD0000C8B7CF /* DetailGamePokemonAsyncAwatiViewController.swift */; };
		C13C2B2829EDFD1200C8B7CF /* GamePokemonAsyncAwaitViewController.swift in Sources */ = {isa = PBXBuildFile; fileRef = C13C2B2729EDFD1200C8B7CF /* GamePokemonAsyncAwaitViewController.swift */; };
		C17ECA9B29A66DA100EE40C8 /* PokemonData.swift in Sources */ = {isa = PBXBuildFile; fileRef = C17ECA9A29A66DA100EE40C8 /* PokemonData.swift */; };
		C17ECA9D29A66DB600EE40C8 /* PokemonManager .swift in Sources */ = {isa = PBXBuildFile; fileRef = C17ECA9C29A66DB600EE40C8 /* PokemonManager .swift */; };
		C17ECA9F29A66DD800EE40C8 /* PokemonModel .swift in Sources */ = {isa = PBXBuildFile; fileRef = C17ECA9E29A66DD800EE40C8 /* PokemonModel .swift */; };
		C17ECAA129A66DE100EE40C8 /* ImageData.swift in Sources */ = {isa = PBXBuildFile; fileRef = C17ECAA029A66DE100EE40C8 /* ImageData.swift */; };
		C17ECAA329A66DEC00EE40C8 /* ImageManager.swift in Sources */ = {isa = PBXBuildFile; fileRef = C17ECAA229A66DEC00EE40C8 /* ImageManager.swift */; };
		C17ECAA529A66DF600EE40C8 /* ImageModel.swift in Sources */ = {isa = PBXBuildFile; fileRef = C17ECAA429A66DF600EE40C8 /* ImageModel.swift */; };
		C17ECAA729A66E1000EE40C8 /* GameModel.swift in Sources */ = {isa = PBXBuildFile; fileRef = C17ECAA629A66E1000EE40C8 /* GameModel.swift */; };
		C17ECAAB29A66F1A00EE40C8 /* Test+ViewController.swift in Sources */ = {isa = PBXBuildFile; fileRef = C17ECAAA29A66F1A00EE40C8 /* Test+ViewController.swift */; };
		C17ECAAE29A6707B00EE40C8 /* IBInspectable+Extension.swift in Sources */ = {isa = PBXBuildFile; fileRef = C17ECAAD29A6707B00EE40C8 /* IBInspectable+Extension.swift */; };
		C17ECAB029A6708D00EE40C8 /* UIViewShowLifeCycle+Extension.swift in Sources */ = {isa = PBXBuildFile; fileRef = C17ECAAF29A6708D00EE40C8 /* UIViewShowLifeCycle+Extension.swift */; };
		C17ECAB529A676F400EE40C8 /* 1.jpeg in Resources */ = {isa = PBXBuildFile; fileRef = C17ECAB329A676F400EE40C8 /* 1.jpeg */; };
		C17ECAB629A676F400EE40C8 /* 2.jpeg in Resources */ = {isa = PBXBuildFile; fileRef = C17ECAB429A676F400EE40C8 /* 2.jpeg */; };
		C184F89729AFC6A1005063DF /* API+EscapingTest.swift in Sources */ = {isa = PBXBuildFile; fileRef = C184F89629AFC6A1005063DF /* API+EscapingTest.swift */; };
		C184F89929AFCA80005063DF /* API+Escaping+Env.swift in Sources */ = {isa = PBXBuildFile; fileRef = C184F89829AFCA80005063DF /* API+Escaping+Env.swift */; };
		C184F89B29AFCBD1005063DF /* API+Escaping+HTTPMethods.swift in Sources */ = {isa = PBXBuildFile; fileRef = C184F89A29AFCBD1005063DF /* API+Escaping+HTTPMethods.swift */; };
		C184F89F29AFCD5A005063DF /* API+Escaping+Endpoints.swift in Sources */ = {isa = PBXBuildFile; fileRef = C184F89E29AFCD5A005063DF /* API+Escaping+Endpoints.swift */; };
		C184F8A129AFCD8D005063DF /* API+Escaping+GetConf.swift in Sources */ = {isa = PBXBuildFile; fileRef = C184F8A029AFCD8D005063DF /* API+Escaping+GetConf.swift */; };
		C1DAD32629AD5037005FC644 /* ResultsViewController.swift in Sources */ = {isa = PBXBuildFile; fileRef = C1DAD32529AD5037005FC644 /* ResultsViewController.swift */; };
/* End PBXBuildFile section */

/* Begin PBXFileReference section */
		039F9DFC2898214F00B69144 /* who is that pokemon.app */ = {isa = PBXFileReference; explicitFileType = wrapper.application; includeInIndex = 0; path = "who is that pokemon.app"; sourceTree = BUILT_PRODUCTS_DIR; };
		039F9DFF2898214F00B69144 /* AppDelegate.swift */ = {isa = PBXFileReference; lastKnownFileType = sourcecode.swift; path = AppDelegate.swift; sourceTree = "<group>"; };
		039F9E012898214F00B69144 /* SceneDelegate.swift */ = {isa = PBXFileReference; lastKnownFileType = sourcecode.swift; path = SceneDelegate.swift; sourceTree = "<group>"; };
		039F9E032898214F00B69144 /* PokemonViewController.swift */ = {isa = PBXFileReference; lastKnownFileType = sourcecode.swift; path = PokemonViewController.swift; sourceTree = "<group>"; };
		039F9E062898214F00B69144 /* Base */ = {isa = PBXFileReference; lastKnownFileType = file.storyboard; name = Base; path = Base.lproj/Main.storyboard; sourceTree = "<group>"; };
		039F9E082898214F00B69144 /* Assets.xcassets */ = {isa = PBXFileReference; lastKnownFileType = folder.assetcatalog; path = Assets.xcassets; sourceTree = "<group>"; };
		039F9E0B2898214F00B69144 /* Base */ = {isa = PBXFileReference; lastKnownFileType = file.storyboard; name = Base; path = Base.lproj/LaunchScreen.storyboard; sourceTree = "<group>"; };
		039F9E0D2898214F00B69144 /* Info.plist */ = {isa = PBXFileReference; lastKnownFileType = text.plist.xml; path = Info.plist; sourceTree = "<group>"; };
		C13C2B1829EDEF5500C8B7CF /* qa.plist */ = {isa = PBXFileReference; fileEncoding = 4; lastKnownFileType = text.plist.xml; path = qa.plist; sourceTree = "<group>"; };
		C13C2B1A29EDEF5C00C8B7CF /* qa.xcconfig */ = {isa = PBXFileReference; fileEncoding = 4; lastKnownFileType = text.xcconfig; path = qa.xcconfig; sourceTree = "<group>"; };
		C13C2B1D29EDF02700C8B7CF /* Api_Escaping.swift */ = {isa = PBXFileReference; lastKnownFileType = sourcecode.swift; path = Api_Escaping.swift; sourceTree = "<group>"; };
		C13C2B2129EDFCD700C8B7CF /* GamePokemonEscapingViewController.swift */ = {isa = PBXFileReference; lastKnownFileType = sourcecode.swift; path = GamePokemonEscapingViewController.swift; sourceTree = "<group>"; };
		C13C2B2329EDFCE800C8B7CF /* DetailGamePokemonEscapingViewController.swift */ = {isa = PBXFileReference; lastKnownFileType = sourcecode.swift; path = DetailGamePokemonEscapingViewController.swift; sourceTree = "<group>"; };
		C13C2B2529EDFD0000C8B7CF /* DetailGamePokemonAsyncAwatiViewController.swift */ = {isa = PBXFileReference; lastKnownFileType = sourcecode.swift; path = DetailGamePokemonAsyncAwatiViewController.swift; sourceTree = "<group>"; };
		C13C2B2729EDFD1200C8B7CF /* GamePokemonAsyncAwaitViewController.swift */ = {isa = PBXFileReference; lastKnownFileType = sourcecode.swift; path = GamePokemonAsyncAwaitViewController.swift; sourceTree = "<group>"; };
		C17ECA9A29A66DA100EE40C8 /* PokemonData.swift */ = {isa = PBXFileReference; lastKnownFileType = sourcecode.swift; path = PokemonData.swift; sourceTree = "<group>"; };
		C17ECA9C29A66DB600EE40C8 /* PokemonManager .swift */ = {isa = PBXFileReference; lastKnownFileType = sourcecode.swift; path = "PokemonManager .swift"; sourceTree = "<group>"; };
		C17ECA9E29A66DD800EE40C8 /* PokemonModel .swift */ = {isa = PBXFileReference; lastKnownFileType = sourcecode.swift; path = "PokemonModel .swift"; sourceTree = "<group>"; };
		C17ECAA029A66DE100EE40C8 /* ImageData.swift */ = {isa = PBXFileReference; lastKnownFileType = sourcecode.swift; path = ImageData.swift; sourceTree = "<group>"; };
		C17ECAA229A66DEC00EE40C8 /* ImageManager.swift */ = {isa = PBXFileReference; lastKnownFileType = sourcecode.swift; path = ImageManager.swift; sourceTree = "<group>"; };
		C17ECAA429A66DF600EE40C8 /* ImageModel.swift */ = {isa = PBXFileReference; lastKnownFileType = sourcecode.swift; path = ImageModel.swift; sourceTree = "<group>"; };
		C17ECAA629A66E1000EE40C8 /* GameModel.swift */ = {isa = PBXFileReference; lastKnownFileType = sourcecode.swift; path = GameModel.swift; sourceTree = "<group>"; };
		C17ECAAA29A66F1A00EE40C8 /* Test+ViewController.swift */ = {isa = PBXFileReference; lastKnownFileType = sourcecode.swift; path = "Test+ViewController.swift"; sourceTree = "<group>"; };
		C17ECAAD29A6707B00EE40C8 /* IBInspectable+Extension.swift */ = {isa = PBXFileReference; lastKnownFileType = sourcecode.swift; path = "IBInspectable+Extension.swift"; sourceTree = "<group>"; };
		C17ECAAF29A6708D00EE40C8 /* UIViewShowLifeCycle+Extension.swift */ = {isa = PBXFileReference; lastKnownFileType = sourcecode.swift; path = "UIViewShowLifeCycle+Extension.swift"; sourceTree = "<group>"; };
		C17ECAB329A676F400EE40C8 /* 1.jpeg */ = {isa = PBXFileReference; lastKnownFileType = image.jpeg; path = 1.jpeg; sourceTree = "<group>"; };
		C17ECAB429A676F400EE40C8 /* 2.jpeg */ = {isa = PBXFileReference; lastKnownFileType = image.jpeg; path = 2.jpeg; sourceTree = "<group>"; };
		C184F89629AFC6A1005063DF /* API+EscapingTest.swift */ = {isa = PBXFileReference; lastKnownFileType = sourcecode.swift; path = "API+EscapingTest.swift"; sourceTree = "<group>"; };
		C184F89829AFCA80005063DF /* API+Escaping+Env.swift */ = {isa = PBXFileReference; lastKnownFileType = sourcecode.swift; path = "API+Escaping+Env.swift"; sourceTree = "<group>"; };
		C184F89A29AFCBD1005063DF /* API+Escaping+HTTPMethods.swift */ = {isa = PBXFileReference; lastKnownFileType = sourcecode.swift; path = "API+Escaping+HTTPMethods.swift"; sourceTree = "<group>"; };
		C184F89E29AFCD5A005063DF /* API+Escaping+Endpoints.swift */ = {isa = PBXFileReference; lastKnownFileType = sourcecode.swift; path = "API+Escaping+Endpoints.swift"; sourceTree = "<group>"; };
		C184F8A029AFCD8D005063DF /* API+Escaping+GetConf.swift */ = {isa = PBXFileReference; lastKnownFileType = sourcecode.swift; path = "API+Escaping+GetConf.swift"; sourceTree = "<group>"; };
		C1DAD32529AD5037005FC644 /* ResultsViewController.swift */ = {isa = PBXFileReference; lastKnownFileType = sourcecode.swift; path = ResultsViewController.swift; sourceTree = "<group>"; };
/* End PBXFileReference section */

/* Begin PBXFrameworksBuildPhase section */
		039F9DF92898214F00B69144 /* Frameworks */ = {
			isa = PBXFrameworksBuildPhase;
			buildActionMask = 2147483647;
			files = (
				031808D228986C6C00A03755 /* Kingfisher in Frameworks */,
			);
			runOnlyForDeploymentPostprocessing = 0;
		};
/* End PBXFrameworksBuildPhase section */

/* Begin PBXGroup section */
		039F9DF32898214E00B69144 = {
			isa = PBXGroup;
			children = (
				039F9DFE2898214F00B69144 /* who is that pokemon */,
				039F9DFD2898214F00B69144 /* Products */,
			);
			sourceTree = "<group>";
		};
		039F9DFD2898214F00B69144 /* Products */ = {
			isa = PBXGroup;
			children = (
				039F9DFC2898214F00B69144 /* who is that pokemon.app */,
			);
			name = Products;
			sourceTree = "<group>";
		};
		039F9DFE2898214F00B69144 /* who is that pokemon */ = {
			isa = PBXGroup;
			children = (
				C184F89229AFB495005063DF /* Application */,
				C184F88F29AFB441005063DF /* Resources */,
				C184F88E29AFB425005063DF /* Utils */,
				C184F88529AFB393005063DF /* Data */,
				C17ECAB129A676DA00EE40C8 /* Assets */,
				039F9DFF2898214F00B69144 /* AppDelegate.swift */,
				039F9E012898214F00B69144 /* SceneDelegate.swift */,
				039F9E0A2898214F00B69144 /* LaunchScreen.storyboard */,
				039F9E082898214F00B69144 /* Assets.xcassets */,
				039F9E0D2898214F00B69144 /* Info.plist */,
				C13C2B1829EDEF5500C8B7CF /* qa.plist */,
				C13C2B1A29EDEF5C00C8B7CF /* qa.xcconfig */,
			);
			path = "who is that pokemon";
			sourceTree = "<group>";
		};
		C13C2B1F29EDFCA000C8B7CF /* Escaping */ = {
			isa = PBXGroup;
			children = (
				C13C2B2129EDFCD700C8B7CF /* GamePokemonEscapingViewController.swift */,
				C13C2B2329EDFCE800C8B7CF /* DetailGamePokemonEscapingViewController.swift */,
			);
			path = Escaping;
			sourceTree = "<group>";
		};
		C13C2B2029EDFCA600C8B7CF /* AsyncAwait */ = {
			isa = PBXGroup;
			children = (
				C13C2B2729EDFD1200C8B7CF /* GamePokemonAsyncAwaitViewController.swift */,
				C13C2B2529EDFD0000C8B7CF /* DetailGamePokemonAsyncAwatiViewController.swift */,
			);
			path = AsyncAwait;
			sourceTree = "<group>";
		};
		C17ECA9929A66D6B00EE40C8 /* Model */ = {
			isa = PBXGroup;
			children = (
				C184F87F29AFAF78005063DF /* Platzi */,
			);
			path = Model;
			sourceTree = "<group>";
		};
		C17ECAAC29A6705300EE40C8 /* Extensions */ = {
			isa = PBXGroup;
			children = (
				C17ECAAD29A6707B00EE40C8 /* IBInspectable+Extension.swift */,
				C17ECAAF29A6708D00EE40C8 /* UIViewShowLifeCycle+Extension.swift */,
			);
			path = Extensions;
			sourceTree = "<group>";
		};
		C17ECAB129A676DA00EE40C8 /* Assets */ = {
			isa = PBXGroup;
			children = (
				C17ECAB229A676E300EE40C8 /* Images */,
			);
			path = Assets;
			sourceTree = "<group>";
		};
		C17ECAB229A676E300EE40C8 /* Images */ = {
			isa = PBXGroup;
			children = (
				C17ECAB329A676F400EE40C8 /* 1.jpeg */,
				C17ECAB429A676F400EE40C8 /* 2.jpeg */,
			);
			path = Images;
			sourceTree = "<group>";
		};
		C184F87F29AFAF78005063DF /* Platzi */ = {
			isa = PBXGroup;
			children = (
				C17ECA9A29A66DA100EE40C8 /* PokemonData.swift */,
				C17ECA9C29A66DB600EE40C8 /* PokemonManager .swift */,
				C17ECA9E29A66DD800EE40C8 /* PokemonModel .swift */,
				C17ECAA029A66DE100EE40C8 /* ImageData.swift */,
				C17ECAA229A66DEC00EE40C8 /* ImageManager.swift */,
				C17ECAA429A66DF600EE40C8 /* ImageModel.swift */,
				C17ECAA629A66E1000EE40C8 /* GameModel.swift */,
			);
			path = Platzi;
			sourceTree = "<group>";
		};
		C184F88029AFAF7F005063DF /* Platzi */ = {
			isa = PBXGroup;
			children = (
				039F9E032898214F00B69144 /* PokemonViewController.swift */,
				C17ECAAA29A66F1A00EE40C8 /* Test+ViewController.swift */,
				C1DAD32529AD5037005FC644 /* ResultsViewController.swift */,
			);
			path = Platzi;
			sourceTree = "<group>";
		};
		C184F88129AFAFA1005063DF /* Networking */ = {
			isa = PBXGroup;
			children = (
				C184F88929AFB3EC005063DF /* Response */,
				C184F88829AFB3E4005063DF /* Request */,
				C184F88429AFB002005063DF /* Api */,
				C184F88329AFAFCF005063DF /* AsyncAwait */,
				C184F88229AFAFA8005063DF /* Escaping */,
			);
			path = Networking;
			sourceTree = "<group>";
		};
		C184F88229AFAFA8005063DF /* Escaping */ = {
			isa = PBXGroup;
			children = (
				C184F88B29AFB3F9005063DF /* Repository */,
			);
			path = Escaping;
			sourceTree = "<group>";
		};
		C184F88329AFAFCF005063DF /* AsyncAwait */ = {
			isa = PBXGroup;
			children = (
				C184F88A29AFB3F5005063DF /* Repository */,
			);
			path = AsyncAwait;
			sourceTree = "<group>";
		};
		C184F88429AFB002005063DF /* Api */ = {
			isa = PBXGroup;
			children = (
				C184F88D29AFB40C005063DF /* Escaping */,
				C184F88C29AFB401005063DF /* AsyncAwit */,
			);
			path = Api;
			sourceTree = "<group>";
		};
		C184F88529AFB393005063DF /* Data */ = {
			isa = PBXGroup;
			children = (
				C184F88629AFB3A6005063DF /* PersistenStorages */,
				C184F88129AFAFA1005063DF /* Networking */,
			);
			path = Data;
			sourceTree = "<group>";
		};
		C184F88629AFB3A6005063DF /* PersistenStorages */ = {
			isa = PBXGroup;
			children = (
			);
			path = PersistenStorages;
			sourceTree = "<group>";
		};
		C184F88829AFB3E4005063DF /* Request */ = {
			isa = PBXGroup;
			children = (
			);
			path = Request;
			sourceTree = "<group>";
		};
		C184F88929AFB3EC005063DF /* Response */ = {
			isa = PBXGroup;
			children = (
				C17ECA9929A66D6B00EE40C8 /* Model */,
			);
			path = Response;
			sourceTree = "<group>";
		};
		C184F88A29AFB3F5005063DF /* Repository */ = {
			isa = PBXGroup;
			children = (
			);
			path = Repository;
			sourceTree = "<group>";
		};
		C184F88B29AFB3F9005063DF /* Repository */ = {
			isa = PBXGroup;
			children = (
			);
			path = Repository;
			sourceTree = "<group>";
		};
		C184F88C29AFB401005063DF /* AsyncAwit */ = {
			isa = PBXGroup;
			children = (
			);
			path = AsyncAwit;
			sourceTree = "<group>";
		};
		C184F88D29AFB40C005063DF /* Escaping */ = {
			isa = PBXGroup;
			children = (
				C184F89829AFCA80005063DF /* API+Escaping+Env.swift */,
				C184F89A29AFCBD1005063DF /* API+Escaping+HTTPMethods.swift */,
				C184F89E29AFCD5A005063DF /* API+Escaping+Endpoints.swift */,
				C184F8A029AFCD8D005063DF /* API+Escaping+GetConf.swift */,
				C184F89629AFC6A1005063DF /* API+EscapingTest.swift */,
				C13C2B1D29EDF02700C8B7CF /* Api_Escaping.swift */,
			);
			path = Escaping;
			sourceTree = "<group>";
		};
		C184F88E29AFB425005063DF /* Utils */ = {
			isa = PBXGroup;
			children = (
				C17ECAAC29A6705300EE40C8 /* Extensions */,
			);
			path = Utils;
			sourceTree = "<group>";
		};
		C184F88F29AFB441005063DF /* Resources */ = {
			isa = PBXGroup;
			children = (
				C184F89129AFB469005063DF /* Colors */,
				C184F89029AFB460005063DF /* Assets */,
			);
			path = Resources;
			sourceTree = "<group>";
		};
		C184F89029AFB460005063DF /* Assets */ = {
			isa = PBXGroup;
			children = (
			);
			path = Assets;
			sourceTree = "<group>";
		};
		C184F89129AFB469005063DF /* Colors */ = {
			isa = PBXGroup;
			children = (
			);
			path = Colors;
			sourceTree = "<group>";
		};
		C184F89229AFB495005063DF /* Application */ = {
			isa = PBXGroup;
			children = (
				C184F89529AFB4CF005063DF /* Storyboards */,
				C184F89429AFB4B5005063DF /* ViewModels */,
				C184F89329AFB4A1005063DF /* Views */,
			);
			path = Application;
			sourceTree = "<group>";
		};
		C184F89329AFB4A1005063DF /* Views */ = {
			isa = PBXGroup;
			children = (
				C13C2B2029EDFCA600C8B7CF /* AsyncAwait */,
				C13C2B1F29EDFCA000C8B7CF /* Escaping */,
			);
			path = Views;
			sourceTree = "<group>";
		};
		C184F89429AFB4B5005063DF /* ViewModels */ = {
			isa = PBXGroup;
			children = (
				C184F88029AFAF7F005063DF /* Platzi */,
			);
			path = ViewModels;
			sourceTree = "<group>";
		};
		C184F89529AFB4CF005063DF /* Storyboards */ = {
			isa = PBXGroup;
			children = (
				039F9E052898214F00B69144 /* Main.storyboard */,
			);
			path = Storyboards;
			sourceTree = "<group>";
		};
/* End PBXGroup section */

/* Begin PBXNativeTarget section */
		039F9DFB2898214F00B69144 /* who is that pokemon */ = {
			isa = PBXNativeTarget;
			buildConfigurationList = 039F9E102898214F00B69144 /* Build configuration list for PBXNativeTarget "who is that pokemon" */;
			buildPhases = (
				039F9DF82898214F00B69144 /* Sources */,
				039F9DF92898214F00B69144 /* Frameworks */,
				039F9DFA2898214F00B69144 /* Resources */,
			);
			buildRules = (
			);
			dependencies = (
			);
			name = "who is that pokemon";
			packageProductDependencies = (
				031808D128986C6C00A03755 /* Kingfisher */,
			);
			productName = "who is that pokemon";
			productReference = 039F9DFC2898214F00B69144 /* who is that pokemon.app */;
			productType = "com.apple.product-type.application";
		};
/* End PBXNativeTarget section */

/* Begin PBXProject section */
		039F9DF42898214E00B69144 /* Project object */ = {
			isa = PBXProject;
			attributes = {
				BuildIndependentTargetsInParallel = 1;
				KnownAssetTags = (
					1,
					2,
				);
				LastSwiftUpdateCheck = 1340;
				LastUpgradeCheck = 1340;
				TargetAttributes = {
					039F9DFB2898214F00B69144 = {
						CreatedOnToolsVersion = 13.4.1;
					};
				};
			};
			buildConfigurationList = 039F9DF72898214E00B69144 /* Build configuration list for PBXProject "who is that pokemon" */;
			compatibilityVersion = "Xcode 13.0";
			developmentRegion = en;
			hasScannedForEncodings = 0;
			knownRegions = (
				en,
				Base,
			);
			mainGroup = 039F9DF32898214E00B69144;
			packageReferences = (
				031808D028986C6C00A03755 /* XCRemoteSwiftPackageReference "Kingfisher" */,
			);
			productRefGroup = 039F9DFD2898214F00B69144 /* Products */;
			projectDirPath = "";
			projectRoot = "";
			targets = (
				039F9DFB2898214F00B69144 /* who is that pokemon */,
			);
		};
/* End PBXProject section */

/* Begin PBXResourcesBuildPhase section */
		039F9DFA2898214F00B69144 /* Resources */ = {
			isa = PBXResourcesBuildPhase;
			buildActionMask = 2147483647;
			files = (
				C13C2B1929EDEF5500C8B7CF /* qa.plist in Resources */,
				C17ECAB629A676F400EE40C8 /* 2.jpeg in Resources */,
				C13C2B1B29EDEF5C00C8B7CF /* qa.xcconfig in Resources */,
				039F9E0C2898214F00B69144 /* LaunchScreen.storyboard in Resources */,
				039F9E092898214F00B69144 /* Assets.xcassets in Resources */,
				039F9E072898214F00B69144 /* Main.storyboard in Resources */,
				C17ECAB529A676F400EE40C8 /* 1.jpeg in Resources */,
			);
			runOnlyForDeploymentPostprocessing = 0;
		};
/* End PBXResourcesBuildPhase section */

/* Begin PBXSourcesBuildPhase section */
		039F9DF82898214F00B69144 /* Sources */ = {
			isa = PBXSourcesBuildPhase;
			buildActionMask = 2147483647;
			files = (
				039F9E042898214F00B69144 /* PokemonViewController.swift in Sources */,
				C17ECAB029A6708D00EE40C8 /* UIViewShowLifeCycle+Extension.swift in Sources */,
				039F9E002898214F00B69144 /* AppDelegate.swift in Sources */,
				C1DAD32629AD5037005FC644 /* ResultsViewController.swift in Sources */,
				C184F89929AFCA80005063DF /* API+Escaping+Env.swift in Sources */,
				039F9E022898214F00B69144 /* SceneDelegate.swift in Sources */,
				C184F89B29AFCBD1005063DF /* API+Escaping+HTTPMethods.swift in Sources */,
				C17ECAA329A66DEC00EE40C8 /* ImageManager.swift in Sources */,
				C13C2B2229EDFCD700C8B7CF /* GamePokemonEscapingViewController.swift in Sources */,
				C184F89729AFC6A1005063DF /* API+EscapingTest.swift in Sources */,
				C17ECAA529A66DF600EE40C8 /* ImageModel.swift in Sources */,
				C184F89F29AFCD5A005063DF /* API+Escaping+Endpoints.swift in Sources */,
				C17ECAAE29A6707B00EE40C8 /* IBInspectable+Extension.swift in Sources */,
				C17ECAA729A66E1000EE40C8 /* GameModel.swift in Sources */,
				C17ECA9B29A66DA100EE40C8 /* PokemonData.swift in Sources */,
				C17ECA9F29A66DD800EE40C8 /* PokemonModel .swift in Sources */,
				C13C2B2629EDFD0000C8B7CF /* DetailGamePokemonAsyncAwatiViewController.swift in Sources */,
				C17ECA9D29A66DB600EE40C8 /* PokemonManager .swift in Sources */,
				C13C2B2829EDFD1200C8B7CF /* GamePokemonAsyncAwaitViewController.swift in Sources */,
				C13C2B1E29EDF02700C8B7CF /* Api_Escaping.swift in Sources */,
				C17ECAAB29A66F1A00EE40C8 /* Test+ViewController.swift in Sources */,
				C13C2B2429EDFCE800C8B7CF /* DetailGamePokemonEscapingViewController.swift in Sources */,
				C17ECAA129A66DE100EE40C8 /* ImageData.swift in Sources */,
				C184F8A129AFCD8D005063DF /* API+Escaping+GetConf.swift in Sources */,
			);
			runOnlyForDeploymentPostprocessing = 0;
		};
/* End PBXSourcesBuildPhase section */

/* Begin PBXVariantGroup section */
		039F9E052898214F00B69144 /* Main.storyboard */ = {
			isa = PBXVariantGroup;
			children = (
				039F9E062898214F00B69144 /* Base */,
			);
			name = Main.storyboard;
			sourceTree = "<group>";
		};
		039F9E0A2898214F00B69144 /* LaunchScreen.storyboard */ = {
			isa = PBXVariantGroup;
			children = (
				039F9E0B2898214F00B69144 /* Base */,
			);
			name = LaunchScreen.storyboard;
			sourceTree = "<group>";
		};
/* End PBXVariantGroup section */

/* Begin XCBuildConfiguration section */
		039F9E0E2898214F00B69144 /* Debug */ = {
			isa = XCBuildConfiguration;
			buildSettings = {
				ALWAYS_SEARCH_USER_PATHS = NO;
				CLANG_ANALYZER_NONNULL = YES;
				CLANG_ANALYZER_NUMBER_OBJECT_CONVERSION = YES_AGGRESSIVE;
				CLANG_CXX_LANGUAGE_STANDARD = "gnu++17";
				CLANG_ENABLE_MODULES = YES;
				CLANG_ENABLE_OBJC_ARC = YES;
				CLANG_ENABLE_OBJC_WEAK = YES;
				CLANG_WARN_BLOCK_CAPTURE_AUTORELEASING = YES;
				CLANG_WARN_BOOL_CONVERSION = YES;
				CLANG_WARN_COMMA = YES;
				CLANG_WARN_CONSTANT_CONVERSION = YES;
				CLANG_WARN_DEPRECATED_OBJC_IMPLEMENTATIONS = YES;
				CLANG_WARN_DIRECT_OBJC_ISA_USAGE = YES_ERROR;
				CLANG_WARN_DOCUMENTATION_COMMENTS = YES;
				CLANG_WARN_EMPTY_BODY = YES;
				CLANG_WARN_ENUM_CONVERSION = YES;
				CLANG_WARN_INFINITE_RECURSION = YES;
				CLANG_WARN_INT_CONVERSION = YES;
				CLANG_WARN_NON_LITERAL_NULL_CONVERSION = YES;
				CLANG_WARN_OBJC_IMPLICIT_RETAIN_SELF = YES;
				CLANG_WARN_OBJC_LITERAL_CONVERSION = YES;
				CLANG_WARN_OBJC_ROOT_CLASS = YES_ERROR;
				CLANG_WARN_QUOTED_INCLUDE_IN_FRAMEWORK_HEADER = YES;
				CLANG_WARN_RANGE_LOOP_ANALYSIS = YES;
				CLANG_WARN_STRICT_PROTOTYPES = YES;
				CLANG_WARN_SUSPICIOUS_MOVE = YES;
				CLANG_WARN_UNGUARDED_AVAILABILITY = YES_AGGRESSIVE;
				CLANG_WARN_UNREACHABLE_CODE = YES;
				CLANG_WARN__DUPLICATE_METHOD_MATCH = YES;
				COPY_PHASE_STRIP = NO;
				DEBUG_INFORMATION_FORMAT = dwarf;
				ENABLE_STRICT_OBJC_MSGSEND = YES;
				ENABLE_TESTABILITY = YES;
				GCC_C_LANGUAGE_STANDARD = gnu11;
				GCC_DYNAMIC_NO_PIC = NO;
				GCC_NO_COMMON_BLOCKS = YES;
				GCC_OPTIMIZATION_LEVEL = 0;
				GCC_PREPROCESSOR_DEFINITIONS = (
					"DEBUG=1",
					"$(inherited)",
				);
				GCC_WARN_64_TO_32_BIT_CONVERSION = YES;
				GCC_WARN_ABOUT_RETURN_TYPE = YES_ERROR;
				GCC_WARN_UNDECLARED_SELECTOR = YES;
				GCC_WARN_UNINITIALIZED_AUTOS = YES_AGGRESSIVE;
				GCC_WARN_UNUSED_FUNCTION = YES;
				GCC_WARN_UNUSED_VARIABLE = YES;
				IPHONEOS_DEPLOYMENT_TARGET = 15.5;
				MTL_ENABLE_DEBUG_INFO = INCLUDE_SOURCE;
				MTL_FAST_MATH = YES;
				ONLY_ACTIVE_ARCH = YES;
				SDKROOT = iphoneos;
				SWIFT_ACTIVE_COMPILATION_CONDITIONS = DEBUG;
				SWIFT_OPTIMIZATION_LEVEL = "-Onone";
			};
			name = Debug;
		};
		039F9E0F2898214F00B69144 /* Desarrollo */ = {
			isa = XCBuildConfiguration;
			buildSettings = {
				ALWAYS_SEARCH_USER_PATHS = NO;
				CLANG_ANALYZER_NONNULL = YES;
				CLANG_ANALYZER_NUMBER_OBJECT_CONVERSION = YES_AGGRESSIVE;
				CLANG_CXX_LANGUAGE_STANDARD = "gnu++17";
				CLANG_ENABLE_MODULES = YES;
				CLANG_ENABLE_OBJC_ARC = YES;
				CLANG_ENABLE_OBJC_WEAK = YES;
				CLANG_WARN_BLOCK_CAPTURE_AUTORELEASING = YES;
				CLANG_WARN_BOOL_CONVERSION = YES;
				CLANG_WARN_COMMA = YES;
				CLANG_WARN_CONSTANT_CONVERSION = YES;
				CLANG_WARN_DEPRECATED_OBJC_IMPLEMENTATIONS = YES;
				CLANG_WARN_DIRECT_OBJC_ISA_USAGE = YES_ERROR;
				CLANG_WARN_DOCUMENTATION_COMMENTS = YES;
				CLANG_WARN_EMPTY_BODY = YES;
				CLANG_WARN_ENUM_CONVERSION = YES;
				CLANG_WARN_INFINITE_RECURSION = YES;
				CLANG_WARN_INT_CONVERSION = YES;
				CLANG_WARN_NON_LITERAL_NULL_CONVERSION = YES;
				CLANG_WARN_OBJC_IMPLICIT_RETAIN_SELF = YES;
				CLANG_WARN_OBJC_LITERAL_CONVERSION = YES;
				CLANG_WARN_OBJC_ROOT_CLASS = YES_ERROR;
				CLANG_WARN_QUOTED_INCLUDE_IN_FRAMEWORK_HEADER = YES;
				CLANG_WARN_RANGE_LOOP_ANALYSIS = YES;
				CLANG_WARN_STRICT_PROTOTYPES = YES;
				CLANG_WARN_SUSPICIOUS_MOVE = YES;
				CLANG_WARN_UNGUARDED_AVAILABILITY = YES_AGGRESSIVE;
				CLANG_WARN_UNREACHABLE_CODE = YES;
				CLANG_WARN__DUPLICATE_METHOD_MATCH = YES;
				COPY_PHASE_STRIP = NO;
				DEBUG_INFORMATION_FORMAT = "dwarf-with-dsym";
				ENABLE_NS_ASSERTIONS = NO;
				ENABLE_STRICT_OBJC_MSGSEND = YES;
				GCC_C_LANGUAGE_STANDARD = gnu11;
				GCC_NO_COMMON_BLOCKS = YES;
				GCC_WARN_64_TO_32_BIT_CONVERSION = YES;
				GCC_WARN_ABOUT_RETURN_TYPE = YES_ERROR;
				GCC_WARN_UNDECLARED_SELECTOR = YES;
				GCC_WARN_UNINITIALIZED_AUTOS = YES_AGGRESSIVE;
				GCC_WARN_UNUSED_FUNCTION = YES;
				GCC_WARN_UNUSED_VARIABLE = YES;
				IPHONEOS_DEPLOYMENT_TARGET = 15.5;
				MTL_ENABLE_DEBUG_INFO = NO;
				MTL_FAST_MATH = YES;
				SDKROOT = iphoneos;
				SWIFT_COMPILATION_MODE = wholemodule;
				SWIFT_OPTIMIZATION_LEVEL = "-O";
				VALIDATE_PRODUCT = YES;
			};
			name = Desarrollo;
		};
		039F9E112898214F00B69144 /* Debug */ = {
			isa = XCBuildConfiguration;
			buildSettings = {
				ASSETCATALOG_COMPILER_APPICON_NAME = AppIcon;
				ASSETCATALOG_COMPILER_GLOBAL_ACCENT_COLOR_NAME = AccentColor;
				CODE_SIGN_STYLE = Automatic;
				CURRENT_PROJECT_VERSION = 1;
				DEVELOPMENT_TEAM = RG9DD7MR44;
				GENERATE_INFOPLIST_FILE = YES;
				INFOPLIST_FILE = "who is that pokemon/qa.plist";
				INFOPLIST_KEY_UIApplicationSupportsIndirectInputEvents = YES;
				INFOPLIST_KEY_UILaunchStoryboardName = LaunchScreen;
				INFOPLIST_KEY_UIMainStoryboardFile = Main;
				INFOPLIST_KEY_UISupportedInterfaceOrientations = "UIInterfaceOrientationPortrait UIInterfaceOrientationPortraitUpsideDown";
				INFOPLIST_KEY_UISupportedInterfaceOrientations_iPad = "UIInterfaceOrientationPortrait UIInterfaceOrientationPortraitUpsideDown UIInterfaceOrientationLandscapeLeft UIInterfaceOrientationLandscapeRight";
				INFOPLIST_KEY_UISupportedInterfaceOrientations_iPhone = "UIInterfaceOrientationPortrait UIInterfaceOrientationLandscapeLeft UIInterfaceOrientationLandscapeRight";
				LD_RUNPATH_SEARCH_PATHS = (
					"$(inherited)",
					"@executable_path/Frameworks",
				);
				MARKETING_VERSION = 1.0;
				PRODUCT_BUNDLE_IDENTIFIER = "dev.alexcamachogz.who-is-that-pokemon";
				PRODUCT_NAME = "$(TARGET_NAME)";
				SWIFT_EMIT_LOC_STRINGS = YES;
				SWIFT_VERSION = 5.0;
				TARGETED_DEVICE_FAMILY = 1;
			};
			name = Debug;
		};
		039F9E122898214F00B69144 /* Desarrollo */ = {
			isa = XCBuildConfiguration;
			buildSettings = {
				ASSETCATALOG_COMPILER_APPICON_NAME = AppIcon;
				ASSETCATALOG_COMPILER_GLOBAL_ACCENT_COLOR_NAME = AccentColor;
				CODE_SIGN_STYLE = Automatic;
				CURRENT_PROJECT_VERSION = 1;
				DEVELOPMENT_TEAM = RG9DD7MR44;
				GENERATE_INFOPLIST_FILE = YES;
				INFOPLIST_FILE = "who is that pokemon/Info.plist";
				INFOPLIST_KEY_UIApplicationSupportsIndirectInputEvents = YES;
				INFOPLIST_KEY_UILaunchStoryboardName = LaunchScreen;
				INFOPLIST_KEY_UIMainStoryboardFile = Main;
				INFOPLIST_KEY_UISupportedInterfaceOrientations = "UIInterfaceOrientationPortrait UIInterfaceOrientationPortraitUpsideDown";
				INFOPLIST_KEY_UISupportedInterfaceOrientations_iPad = "UIInterfaceOrientationPortrait UIInterfaceOrientationPortraitUpsideDown UIInterfaceOrientationLandscapeLeft UIInterfaceOrientationLandscapeRight";
				INFOPLIST_KEY_UISupportedInterfaceOrientations_iPhone = "UIInterfaceOrientationPortrait UIInterfaceOrientationLandscapeLeft UIInterfaceOrientationLandscapeRight";
				LD_RUNPATH_SEARCH_PATHS = (
					"$(inherited)",
					"@executable_path/Frameworks",
				);
				MARKETING_VERSION = 1.0;
				PRODUCT_BUNDLE_IDENTIFIER = "dev.alexcamachogz.who-is-that-pokemon";
				PRODUCT_NAME = "$(TARGET_NAME)";
				SWIFT_EMIT_LOC_STRINGS = YES;
				SWIFT_VERSION = 5.0;
				TARGETED_DEVICE_FAMILY = 1;
			};
			name = Desarrollo;
		};
		C1335AC329AFE8DC0087E471 /* Depuracion */ = {
			isa = XCBuildConfiguration;
			buildSettings = {
				ALWAYS_SEARCH_USER_PATHS = NO;
				CLANG_ANALYZER_NONNULL = YES;
				CLANG_ANALYZER_NUMBER_OBJECT_CONVERSION = YES_AGGRESSIVE;
				CLANG_CXX_LANGUAGE_STANDARD = "gnu++17";
				CLANG_ENABLE_MODULES = YES;
				CLANG_ENABLE_OBJC_ARC = YES;
				CLANG_ENABLE_OBJC_WEAK = YES;
				CLANG_WARN_BLOCK_CAPTURE_AUTORELEASING = YES;
				CLANG_WARN_BOOL_CONVERSION = YES;
				CLANG_WARN_COMMA = YES;
				CLANG_WARN_CONSTANT_CONVERSION = YES;
				CLANG_WARN_DEPRECATED_OBJC_IMPLEMENTATIONS = YES;
				CLANG_WARN_DIRECT_OBJC_ISA_USAGE = YES_ERROR;
				CLANG_WARN_DOCUMENTATION_COMMENTS = YES;
				CLANG_WARN_EMPTY_BODY = YES;
				CLANG_WARN_ENUM_CONVERSION = YES;
				CLANG_WARN_INFINITE_RECURSION = YES;
				CLANG_WARN_INT_CONVERSION = YES;
				CLANG_WARN_NON_LITERAL_NULL_CONVERSION = YES;
				CLANG_WARN_OBJC_IMPLICIT_RETAIN_SELF = YES;
				CLANG_WARN_OBJC_LITERAL_CONVERSION = YES;
				CLANG_WARN_OBJC_ROOT_CLASS = YES_ERROR;
				CLANG_WARN_QUOTED_INCLUDE_IN_FRAMEWORK_HEADER = YES;
				CLANG_WARN_RANGE_LOOP_ANALYSIS = YES;
				CLANG_WARN_STRICT_PROTOTYPES = YES;
				CLANG_WARN_SUSPICIOUS_MOVE = YES;
				CLANG_WARN_UNGUARDED_AVAILABILITY = YES_AGGRESSIVE;
				CLANG_WARN_UNREACHABLE_CODE = YES;
				CLANG_WARN__DUPLICATE_METHOD_MATCH = YES;
				COPY_PHASE_STRIP = NO;
				DEBUG_INFORMATION_FORMAT = dwarf;
				ENABLE_STRICT_OBJC_MSGSEND = YES;
				ENABLE_TESTABILITY = YES;
				GCC_C_LANGUAGE_STANDARD = gnu11;
				GCC_DYNAMIC_NO_PIC = NO;
				GCC_NO_COMMON_BLOCKS = YES;
				GCC_OPTIMIZATION_LEVEL = 0;
				GCC_PREPROCESSOR_DEFINITIONS = (
					"DEBUG=1",
					"$(inherited)",
				);
				GCC_WARN_64_TO_32_BIT_CONVERSION = YES;
				GCC_WARN_ABOUT_RETURN_TYPE = YES_ERROR;
				GCC_WARN_UNDECLARED_SELECTOR = YES;
				GCC_WARN_UNINITIALIZED_AUTOS = YES_AGGRESSIVE;
				GCC_WARN_UNUSED_FUNCTION = YES;
				GCC_WARN_UNUSED_VARIABLE = YES;
				IPHONEOS_DEPLOYMENT_TARGET = 15.5;
				MTL_ENABLE_DEBUG_INFO = INCLUDE_SOURCE;
				MTL_FAST_MATH = YES;
				ONLY_ACTIVE_ARCH = YES;
				SDKROOT = iphoneos;
				SWIFT_ACTIVE_COMPILATION_CONDITIONS = DEBUG;
				SWIFT_OPTIMIZATION_LEVEL = "-Onone";
			};
			name = Depuracion;
		};
		C1335AC429AFE8DC0087E471 /* Depuracion */ = {
			isa = XCBuildConfiguration;
			buildSettings = {
				ASSETCATALOG_COMPILER_APPICON_NAME = AppIcon;
				ASSETCATALOG_COMPILER_GLOBAL_ACCENT_COLOR_NAME = AccentColor;
				CODE_SIGN_STYLE = Automatic;
				CURRENT_PROJECT_VERSION = 1;
				DEVELOPMENT_TEAM = RG9DD7MR44;
				GENERATE_INFOPLIST_FILE = YES;
				INFOPLIST_FILE = "who is that pokemon/Info.plist";
				INFOPLIST_KEY_UIApplicationSupportsIndirectInputEvents = YES;
				INFOPLIST_KEY_UILaunchStoryboardName = LaunchScreen;
				INFOPLIST_KEY_UIMainStoryboardFile = Main;
				INFOPLIST_KEY_UISupportedInterfaceOrientations = "UIInterfaceOrientationPortrait UIInterfaceOrientationPortraitUpsideDown";
				INFOPLIST_KEY_UISupportedInterfaceOrientations_iPad = "UIInterfaceOrientationPortrait UIInterfaceOrientationPortraitUpsideDown UIInterfaceOrientationLandscapeLeft UIInterfaceOrientationLandscapeRight";
				INFOPLIST_KEY_UISupportedInterfaceOrientations_iPhone = "UIInterfaceOrientationPortrait UIInterfaceOrientationLandscapeLeft UIInterfaceOrientationLandscapeRight";
				LD_RUNPATH_SEARCH_PATHS = (
					"$(inherited)",
					"@executable_path/Frameworks",
				);
				MARKETING_VERSION = 1.0;
				PRODUCT_BUNDLE_IDENTIFIER = "dev.alexcamachogz.who-is-that-pokemon";
				PRODUCT_NAME = "$(TARGET_NAME)";
				SWIFT_EMIT_LOC_STRINGS = YES;
				SWIFT_VERSION = 5.0;
				TARGETED_DEVICE_FAMILY = 1;
			};
			name = Depuracion;
		};
/* End XCBuildConfiguration section */

/* Begin XCConfigurationList section */
		039F9DF72898214E00B69144 /* Build configuration list for PBXProject "who is that pokemon" */ = {
			isa = XCConfigurationList;
			buildConfigurations = (
				039F9E0E2898214F00B69144 /* Debug */,
				C1335AC329AFE8DC0087E471 /* Depuracion */,
				039F9E0F2898214F00B69144 /* Desarrollo */,
			);
			defaultConfigurationIsVisible = 0;
			defaultConfigurationName = Desarrollo;
		};
		039F9E102898214F00B69144 /* Build configuration list for PBXNativeTarget "who is that pokemon" */ = {
			isa = XCConfigurationList;
			buildConfigurations = (
				039F9E112898214F00B69144 /* Debug */,
				C1335AC429AFE8DC0087E471 /* Depuracion */,
				039F9E122898214F00B69144 /* Desarrollo */,
			);
			defaultConfigurationIsVisible = 0;
			defaultConfigurationName = Desarrollo;
		};
/* End XCConfigurationList section */

/* Begin XCRemoteSwiftPackageReference section */
		031808D028986C6C00A03755 /* XCRemoteSwiftPackageReference "Kingfisher" */ = {
			isa = XCRemoteSwiftPackageReference;
			repositoryURL = "https://github.com/onevcat/Kingfisher.git";
			requirement = {
				kind = upToNextMajorVersion;
				minimumVersion = 7.0.0;
			};
		};
/* End XCRemoteSwiftPackageReference section */

/* Begin XCSwiftPackageProductDependency section */
		031808D128986C6C00A03755 /* Kingfisher */ = {
			isa = XCSwiftPackageProductDependency;
			package = 031808D028986C6C00A03755 /* XCRemoteSwiftPackageReference "Kingfisher" */;
			productName = Kingfisher;
		};
/* End XCSwiftPackageProductDependency section */
	};
	rootObject = 039F9DF42898214E00B69144 /* Project object */;
}
